// !$*UTF8*$!
{
	archiveVersion = 1;
	classes = {
	};
	objectVersion = 46;
	objects = {

/* Begin PBXBuildFile section */
		7672F147194DE3E000BAAE5A /* main.m in Sources */ = {isa = PBXBuildFile; fileRef = 7672F146194DE3E000BAAE5A /* main.m */; };
		7672F14A194DE3E000BAAE5A /* AppDelegate.m in Sources */ = {isa = PBXBuildFile; fileRef = 7672F149194DE3E000BAAE5A /* AppDelegate.m */; };
		7672F150194DE3E000BAAE5A /* Main.storyboard in Resources */ = {isa = PBXBuildFile; fileRef = 7672F14E194DE3E000BAAE5A /* Main.storyboard */; };
		7672F152194DE3E000BAAE5A /* Images.xcassets in Resources */ = {isa = PBXBuildFile; fileRef = 7672F151194DE3E000BAAE5A /* Images.xcassets */; };
		7672F15E194DE3E000BAAE5A /* InstaCubeExampleTests.m in Sources */ = {isa = PBXBuildFile; fileRef = 7672F15D194DE3E000BAAE5A /* InstaCubeExampleTests.m */; };
		7672F171194DE3F800BAAE5A /* InstaCube.h in Headers */ = {isa = PBXBuildFile; fileRef = 7672F170194DE3F800BAAE5A /* InstaCube.h */; settings = {ATTRIBUTES = (Public, ); }; };
		7672F177194DE3F800BAAE5A /* InstaCube.framework in Frameworks */ = {isa = PBXBuildFile; fileRef = 7672F16C194DE3F800BAAE5A /* InstaCube.framework */; };
		7672F17E194DE3F800BAAE5A /* InstaCubeTests.m in Sources */ = {isa = PBXBuildFile; fileRef = 7672F17D194DE3F800BAAE5A /* InstaCubeTests.m */; };
		7672F181194DE3F800BAAE5A /* InstaCube.framework in Frameworks */ = {isa = PBXBuildFile; fileRef = 7672F16C194DE3F800BAAE5A /* InstaCube.framework */; };
		7672F182194DE3F800BAAE5A /* InstaCube.framework in Embed Frameworks */ = {isa = PBXBuildFile; fileRef = 7672F16C194DE3F800BAAE5A /* InstaCube.framework */; settings = {ATTRIBUTES = (CodeSignOnCopy, ); }; };
		7672F19C194DE83000BAAE5A /* ColorCubeViewController.swift in Sources */ = {isa = PBXBuildFile; fileRef = 7672F19B194DE83000BAAE5A /* ColorCubeViewController.swift */; };
		7672F19F194DE9F800BAAE5A /* InstaCubeGenerator.h in Headers */ = {isa = PBXBuildFile; fileRef = 7672F19D194DE9F800BAAE5A /* InstaCubeGenerator.h */; settings = {ATTRIBUTES = (Public, ); }; };
		7672F1A0194DE9F800BAAE5A /* InstaCubeGenerator.m in Sources */ = {isa = PBXBuildFile; fileRef = 7672F19E194DE9F800BAAE5A /* InstaCubeGenerator.m */; };
		7672F1D0194DF63000BAAE5A /* colorCube_vibrance.png in Resources */ = {isa = PBXBuildFile; fileRef = 7672F1CD194DF63000BAAE5A /* colorCube_vibrance.png */; };
		7672F1D1194DF63000BAAE5A /* colorCube_threshold.png in Resources */ = {isa = PBXBuildFile; fileRef = 7672F1CE194DF63000BAAE5A /* colorCube_threshold.png */; };
		7672F1D2194DF63000BAAE5A /* colorCube_solarize.png in Resources */ = {isa = PBXBuildFile; fileRef = 7672F1CF194DF63000BAAE5A /* colorCube_solarize.png */; };
		7672F1D4194DF76C00BAAE5A /* example.png in Resources */ = {isa = PBXBuildFile; fileRef = 7672F1D3194DF76C00BAAE5A /* example.png */; };
		76B54218194FA0C2009495D5 /* colorCube_warming.png in Resources */ = {isa = PBXBuildFile; fileRef = 76B54216194FA0C2009495D5 /* colorCube_warming.png */; };
		76B54219194FA0C2009495D5 /* colorCube_green.png in Resources */ = {isa = PBXBuildFile; fileRef = 76B54217194FA0C2009495D5 /* colorCube_green.png */; };
		76B5421B194FA22D009495D5 /* colorCube_moody.png in Resources */ = {isa = PBXBuildFile; fileRef = 76B5421A194FA22D009495D5 /* colorCube_moody.png */; };
		76B54220194FE550009495D5 /* colorCube_moody.png in Resources */ = {isa = PBXBuildFile; fileRef = 76B5421A194FA22D009495D5 /* colorCube_moody.png */; };
		76B54222194FF3A2009495D5 /* colorCube_chrome.png in Resources */ = {isa = PBXBuildFile; fileRef = 76B54221194FF3A2009495D5 /* colorCube_chrome.png */; };
		76B54224194FF42D009495D5 /* colorCube_posterize.png in Resources */ = {isa = PBXBuildFile; fileRef = 76B54223194FF42D009495D5 /* colorCube_posterize.png */; };
/* End PBXBuildFile section */

/* Begin PBXContainerItemProxy section */
		7672F158194DE3E000BAAE5A /* PBXContainerItemProxy */ = {
			isa = PBXContainerItemProxy;
			containerPortal = 7672F139194DE3E000BAAE5A /* Project object */;
			proxyType = 1;
			remoteGlobalIDString = 7672F140194DE3E000BAAE5A;
			remoteInfo = InstaCubeExample;
		};
		7672F178194DE3F800BAAE5A /* PBXContainerItemProxy */ = {
			isa = PBXContainerItemProxy;
			containerPortal = 7672F139194DE3E000BAAE5A /* Project object */;
			proxyType = 1;
			remoteGlobalIDString = 7672F16B194DE3F800BAAE5A;
			remoteInfo = InstaCube;
		};
		7672F17F194DE3F800BAAE5A /* PBXContainerItemProxy */ = {
			isa = PBXContainerItemProxy;
			containerPortal = 7672F139194DE3E000BAAE5A /* Project object */;
			proxyType = 1;
			remoteGlobalIDString = 7672F16B194DE3F800BAAE5A;
			remoteInfo = InstaCube;
		};
		7672F183194DE3F800BAAE5A /* PBXContainerItemProxy */ = {
			isa = PBXContainerItemProxy;
			containerPortal = 7672F139194DE3E000BAAE5A /* Project object */;
			proxyType = 1;
			remoteGlobalIDString = 7672F16B194DE3F800BAAE5A;
			remoteInfo = InstaCube;
		};
		7672F18C194DE3F900BAAE5A /* PBXContainerItemProxy */ = {
			isa = PBXContainerItemProxy;
			containerPortal = 7672F139194DE3E000BAAE5A /* Project object */;
			proxyType = 1;
			remoteGlobalIDString = 7672F16B194DE3F800BAAE5A;
			remoteInfo = InstaCube;
		};
/* End PBXContainerItemProxy section */

/* Begin PBXCopyFilesBuildPhase section */
		7672F188194DE3F800BAAE5A /* Embed Frameworks */ = {
			isa = PBXCopyFilesBuildPhase;
			buildActionMask = 2147483647;
			dstPath = "";
			dstSubfolderSpec = 10;
			files = (
				7672F182194DE3F800BAAE5A /* InstaCube.framework in Embed Frameworks */,
			);
			name = "Embed Frameworks";
			runOnlyForDeploymentPostprocessing = 0;
		};
/* End PBXCopyFilesBuildPhase section */

/* Begin PBXFileReference section */
		7672F141194DE3E000BAAE5A /* InstaCubeExample.app */ = {isa = PBXFileReference; explicitFileType = wrapper.application; includeInIndex = 0; path = InstaCubeExample.app; sourceTree = BUILT_PRODUCTS_DIR; };
		7672F145194DE3E000BAAE5A /* Info.plist */ = {isa = PBXFileReference; lastKnownFileType = text.plist.xml; path = Info.plist; sourceTree = "<group>"; };
		7672F146194DE3E000BAAE5A /* main.m */ = {isa = PBXFileReference; lastKnownFileType = sourcecode.c.objc; path = main.m; sourceTree = "<group>"; };
		7672F148194DE3E000BAAE5A /* AppDelegate.h */ = {isa = PBXFileReference; lastKnownFileType = sourcecode.c.h; path = AppDelegate.h; sourceTree = "<group>"; };
		7672F149194DE3E000BAAE5A /* AppDelegate.m */ = {isa = PBXFileReference; lastKnownFileType = sourcecode.c.objc; path = AppDelegate.m; sourceTree = "<group>"; };
		7672F14F194DE3E000BAAE5A /* Base */ = {isa = PBXFileReference; lastKnownFileType = file.storyboard; name = Base; path = Base.lproj/Main.storyboard; sourceTree = "<group>"; };
		7672F151194DE3E000BAAE5A /* Images.xcassets */ = {isa = PBXFileReference; lastKnownFileType = folder.assetcatalog; path = Images.xcassets; sourceTree = "<group>"; };
		7672F157194DE3E000BAAE5A /* InstaCubeExampleTests.xctest */ = {isa = PBXFileReference; explicitFileType = wrapper.cfbundle; includeInIndex = 0; path = InstaCubeExampleTests.xctest; sourceTree = BUILT_PRODUCTS_DIR; };
		7672F15C194DE3E000BAAE5A /* Info.plist */ = {isa = PBXFileReference; lastKnownFileType = text.plist.xml; path = Info.plist; sourceTree = "<group>"; };
		7672F15D194DE3E000BAAE5A /* InstaCubeExampleTests.m */ = {isa = PBXFileReference; lastKnownFileType = sourcecode.c.objc; path = InstaCubeExampleTests.m; sourceTree = "<group>"; };
		7672F16C194DE3F800BAAE5A /* InstaCube.framework */ = {isa = PBXFileReference; explicitFileType = wrapper.framework; includeInIndex = 0; path = InstaCube.framework; sourceTree = BUILT_PRODUCTS_DIR; };
		7672F16F194DE3F800BAAE5A /* Info.plist */ = {isa = PBXFileReference; lastKnownFileType = text.plist.xml; path = Info.plist; sourceTree = "<group>"; };
		7672F170194DE3F800BAAE5A /* InstaCube.h */ = {isa = PBXFileReference; lastKnownFileType = sourcecode.c.h; path = InstaCube.h; sourceTree = "<group>"; };
		7672F176194DE3F800BAAE5A /* InstaCubeTests.xctest */ = {isa = PBXFileReference; explicitFileType = wrapper.cfbundle; includeInIndex = 0; path = InstaCubeTests.xctest; sourceTree = BUILT_PRODUCTS_DIR; };
		7672F17C194DE3F800BAAE5A /* Info.plist */ = {isa = PBXFileReference; lastKnownFileType = text.plist.xml; path = Info.plist; sourceTree = "<group>"; };
		7672F17D194DE3F800BAAE5A /* InstaCubeTests.m */ = {isa = PBXFileReference; lastKnownFileType = sourcecode.c.objc; path = InstaCubeTests.m; sourceTree = "<group>"; };
		7672F19A194DE82F00BAAE5A /* InstaCubeExample-Bridging-Header.h */ = {isa = PBXFileReference; lastKnownFileType = sourcecode.c.h; path = "InstaCubeExample-Bridging-Header.h"; sourceTree = "<group>"; };
		7672F19B194DE83000BAAE5A /* ColorCubeViewController.swift */ = {isa = PBXFileReference; fileEncoding = 4; lastKnownFileType = sourcecode.swift; path = ColorCubeViewController.swift; sourceTree = "<group>"; };
		7672F19D194DE9F800BAAE5A /* InstaCubeGenerator.h */ = {isa = PBXFileReference; fileEncoding = 4; lastKnownFileType = sourcecode.c.h; path = InstaCubeGenerator.h; sourceTree = "<group>"; };
		7672F19E194DE9F800BAAE5A /* InstaCubeGenerator.m */ = {isa = PBXFileReference; fileEncoding = 4; lastKnownFileType = sourcecode.c.objc; path = InstaCubeGenerator.m; sourceTree = "<group>"; };
		7672F1CD194DF63000BAAE5A /* colorCube_vibrance.png */ = {isa = PBXFileReference; lastKnownFileType = image.png; path = colorCube_vibrance.png; sourceTree = "<group>"; };
		7672F1CE194DF63000BAAE5A /* colorCube_threshold.png */ = {isa = PBXFileReference; lastKnownFileType = image.png; path = colorCube_threshold.png; sourceTree = "<group>"; };
		7672F1CF194DF63000BAAE5A /* colorCube_solarize.png */ = {isa = PBXFileReference; lastKnownFileType = image.png; path = colorCube_solarize.png; sourceTree = "<group>"; };
		7672F1D3194DF76C00BAAE5A /* example.png */ = {isa = PBXFileReference; lastKnownFileType = image.png; path = example.png; sourceTree = "<group>"; };
		76B54216194FA0C2009495D5 /* colorCube_warming.png */ = {isa = PBXFileReference; lastKnownFileType = image.png; path = colorCube_warming.png; sourceTree = "<group>"; };
		76B54217194FA0C2009495D5 /* colorCube_green.png */ = {isa = PBXFileReference; lastKnownFileType = image.png; path = colorCube_green.png; sourceTree = "<group>"; };
		76B5421A194FA22D009495D5 /* colorCube_moody.png */ = {isa = PBXFileReference; lastKnownFileType = image.png; path = colorCube_moody.png; sourceTree = "<group>"; };
		76B54221194FF3A2009495D5 /* colorCube_chrome.png */ = {isa = PBXFileReference; lastKnownFileType = image.png; path = colorCube_chrome.png; sourceTree = "<group>"; };
		76B54223194FF42D009495D5 /* colorCube_posterize.png */ = {isa = PBXFileReference; lastKnownFileType = image.png; path = colorCube_posterize.png; sourceTree = "<group>"; };
/* End PBXFileReference section */

/* Begin PBXFrameworksBuildPhase section */
		7672F13E194DE3E000BAAE5A /* Frameworks */ = {
			isa = PBXFrameworksBuildPhase;
			buildActionMask = 2147483647;
			files = (
				7672F181194DE3F800BAAE5A /* InstaCube.framework in Frameworks */,
			);
			runOnlyForDeploymentPostprocessing = 0;
		};
		7672F154194DE3E000BAAE5A /* Frameworks */ = {
			isa = PBXFrameworksBuildPhase;
			buildActionMask = 2147483647;
			files = (
			);
			runOnlyForDeploymentPostprocessing = 0;
		};
		7672F168194DE3F800BAAE5A /* Frameworks */ = {
			isa = PBXFrameworksBuildPhase;
			buildActionMask = 2147483647;
			files = (
			);
			runOnlyForDeploymentPostprocessing = 0;
		};
		7672F173194DE3F800BAAE5A /* Frameworks */ = {
			isa = PBXFrameworksBuildPhase;
			buildActionMask = 2147483647;
			files = (
				7672F177194DE3F800BAAE5A /* InstaCube.framework in Frameworks */,
			);
			runOnlyForDeploymentPostprocessing = 0;
		};
/* End PBXFrameworksBuildPhase section */

/* Begin PBXGroup section */
		7672F138194DE3E000BAAE5A = {
			isa = PBXGroup;
			children = (
				7672F143194DE3E000BAAE5A /* InstaCubeExample */,
				7672F15A194DE3E000BAAE5A /* InstaCubeExampleTests */,
				7672F16D194DE3F800BAAE5A /* InstaCube */,
				7672F17A194DE3F800BAAE5A /* InstaCubeTests */,
				7672F142194DE3E000BAAE5A /* Products */,
			);
			sourceTree = "<group>";
		};
		7672F142194DE3E000BAAE5A /* Products */ = {
			isa = PBXGroup;
			children = (
				7672F141194DE3E000BAAE5A /* InstaCubeExample.app */,
				7672F157194DE3E000BAAE5A /* InstaCubeExampleTests.xctest */,
				7672F16C194DE3F800BAAE5A /* InstaCube.framework */,
				7672F176194DE3F800BAAE5A /* InstaCubeTests.xctest */,
			);
			name = Products;
			sourceTree = "<group>";
		};
		7672F143194DE3E000BAAE5A /* InstaCubeExample */ = {
			isa = PBXGroup;
			children = (
				7672F1CC194DF62300BAAE5A /* Cubes */,
				7672F148194DE3E000BAAE5A /* AppDelegate.h */,
				7672F149194DE3E000BAAE5A /* AppDelegate.m */,
				7672F19B194DE83000BAAE5A /* ColorCubeViewController.swift */,
				7672F14E194DE3E000BAAE5A /* Main.storyboard */,
				7672F1D3194DF76C00BAAE5A /* example.png */,
				7672F151194DE3E000BAAE5A /* Images.xcassets */,
				7672F144194DE3E000BAAE5A /* Supporting Files */,
				7672F19A194DE82F00BAAE5A /* InstaCubeExample-Bridging-Header.h */,
			);
			path = InstaCubeExample;
			sourceTree = "<group>";
		};
		7672F144194DE3E000BAAE5A /* Supporting Files */ = {
			isa = PBXGroup;
			children = (
				7672F145194DE3E000BAAE5A /* Info.plist */,
				7672F146194DE3E000BAAE5A /* main.m */,
			);
			name = "Supporting Files";
			sourceTree = "<group>";
		};
		7672F15A194DE3E000BAAE5A /* InstaCubeExampleTests */ = {
			isa = PBXGroup;
			children = (
				7672F15D194DE3E000BAAE5A /* InstaCubeExampleTests.m */,
				7672F15B194DE3E000BAAE5A /* Supporting Files */,
			);
			path = InstaCubeExampleTests;
			sourceTree = "<group>";
		};
		7672F15B194DE3E000BAAE5A /* Supporting Files */ = {
			isa = PBXGroup;
			children = (
				7672F15C194DE3E000BAAE5A /* Info.plist */,
			);
			name = "Supporting Files";
			sourceTree = "<group>";
		};
		7672F16D194DE3F800BAAE5A /* InstaCube */ = {
			isa = PBXGroup;
			children = (
				7672F170194DE3F800BAAE5A /* InstaCube.h */,
				7672F19D194DE9F800BAAE5A /* InstaCubeGenerator.h */,
				7672F19E194DE9F800BAAE5A /* InstaCubeGenerator.m */,
				7672F16E194DE3F800BAAE5A /* Supporting Files */,
			);
			path = InstaCube;
			sourceTree = "<group>";
		};
		7672F16E194DE3F800BAAE5A /* Supporting Files */ = {
			isa = PBXGroup;
			children = (
				7672F16F194DE3F800BAAE5A /* Info.plist */,
			);
			name = "Supporting Files";
			sourceTree = "<group>";
		};
		7672F17A194DE3F800BAAE5A /* InstaCubeTests */ = {
			isa = PBXGroup;
			children = (
				7672F17D194DE3F800BAAE5A /* InstaCubeTests.m */,
				7672F17B194DE3F800BAAE5A /* Supporting Files */,
			);
			path = InstaCubeTests;
			sourceTree = "<group>";
		};
		7672F17B194DE3F800BAAE5A /* Supporting Files */ = {
			isa = PBXGroup;
			children = (
				7672F17C194DE3F800BAAE5A /* Info.plist */,
			);
			name = "Supporting Files";
			sourceTree = "<group>";
		};
		7672F1CC194DF62300BAAE5A /* Cubes */ = {
			isa = PBXGroup;
			children = (
				76B54221194FF3A2009495D5 /* colorCube_chrome.png */,
				7672F1CD194DF63000BAAE5A /* colorCube_vibrance.png */,
				7672F1CE194DF63000BAAE5A /* colorCube_threshold.png */,
				7672F1CF194DF63000BAAE5A /* colorCube_solarize.png */,
				76B54216194FA0C2009495D5 /* colorCube_warming.png */,
				76B54217194FA0C2009495D5 /* colorCube_green.png */,
				76B5421A194FA22D009495D5 /* colorCube_moody.png */,
				76B54223194FF42D009495D5 /* colorCube_posterize.png */,
			);
			name = Cubes;
			sourceTree = "<group>";
		};
/* End PBXGroup section */

/* Begin PBXHeadersBuildPhase section */
		7672F169194DE3F800BAAE5A /* Headers */ = {
			isa = PBXHeadersBuildPhase;
			buildActionMask = 2147483647;
			files = (
				7672F171194DE3F800BAAE5A /* InstaCube.h in Headers */,
				7672F19F194DE9F800BAAE5A /* InstaCubeGenerator.h in Headers */,
			);
			runOnlyForDeploymentPostprocessing = 0;
		};
/* End PBXHeadersBuildPhase section */

/* Begin PBXNativeTarget section */
		7672F140194DE3E000BAAE5A /* InstaCubeExample */ = {
			isa = PBXNativeTarget;
			buildConfigurationList = 7672F161194DE3E000BAAE5A /* Build configuration list for PBXNativeTarget "InstaCubeExample" */;
			buildPhases = (
				7672F13D194DE3E000BAAE5A /* Sources */,
				7672F13E194DE3E000BAAE5A /* Frameworks */,
				7672F13F194DE3E000BAAE5A /* Resources */,
				7672F188194DE3F800BAAE5A /* Embed Frameworks */,
			);
			buildRules = (
			);
			dependencies = (
				7672F180194DE3F800BAAE5A /* PBXTargetDependency */,
				7672F184194DE3F800BAAE5A /* PBXTargetDependency */,
			);
			name = InstaCubeExample;
			productName = InstaCubeExample;
			productReference = 7672F141194DE3E000BAAE5A /* InstaCubeExample.app */;
			productType = "com.apple.product-type.application";
		};
		7672F156194DE3E000BAAE5A /* InstaCubeExampleTests */ = {
			isa = PBXNativeTarget;
			buildConfigurationList = 7672F164194DE3E000BAAE5A /* Build configuration list for PBXNativeTarget "InstaCubeExampleTests" */;
			buildPhases = (
				7672F153194DE3E000BAAE5A /* Sources */,
				7672F154194DE3E000BAAE5A /* Frameworks */,
				7672F155194DE3E000BAAE5A /* Resources */,
			);
			buildRules = (
			);
			dependencies = (
				7672F159194DE3E000BAAE5A /* PBXTargetDependency */,
			);
			name = InstaCubeExampleTests;
			productName = InstaCubeExampleTests;
			productReference = 7672F157194DE3E000BAAE5A /* InstaCubeExampleTests.xctest */;
			productType = "com.apple.product-type.bundle.unit-test";
		};
		7672F16B194DE3F800BAAE5A /* InstaCube */ = {
			isa = PBXNativeTarget;
			buildConfigurationList = 7672F185194DE3F800BAAE5A /* Build configuration list for PBXNativeTarget "InstaCube" */;
			buildPhases = (
				7672F167194DE3F800BAAE5A /* Sources */,
				7672F168194DE3F800BAAE5A /* Frameworks */,
				7672F169194DE3F800BAAE5A /* Headers */,
				7672F16A194DE3F800BAAE5A /* Resources */,
			);
			buildRules = (
			);
			dependencies = (
			);
			name = InstaCube;
			productName = InstaCube;
			productReference = 7672F16C194DE3F800BAAE5A /* InstaCube.framework */;
			productType = "com.apple.product-type.framework";
		};
		7672F175194DE3F800BAAE5A /* InstaCubeTests */ = {
			isa = PBXNativeTarget;
			buildConfigurationList = 7672F189194DE3F800BAAE5A /* Build configuration list for PBXNativeTarget "InstaCubeTests" */;
			buildPhases = (
				7672F172194DE3F800BAAE5A /* Sources */,
				7672F173194DE3F800BAAE5A /* Frameworks */,
				7672F174194DE3F800BAAE5A /* Resources */,
			);
			buildRules = (
			);
			dependencies = (
				7672F179194DE3F800BAAE5A /* PBXTargetDependency */,
				7672F18D194DE3F900BAAE5A /* PBXTargetDependency */,
			);
			name = InstaCubeTests;
			productName = InstaCubeTests;
			productReference = 7672F176194DE3F800BAAE5A /* InstaCubeTests.xctest */;
			productType = "com.apple.product-type.bundle.unit-test";
		};
/* End PBXNativeTarget section */

/* Begin PBXProject section */
		7672F139194DE3E000BAAE5A /* Project object */ = {
			isa = PBXProject;
			attributes = {
				LastUpgradeCheck = 0600;
				ORGANIZATIONNAME = sushiGrass;
				TargetAttributes = {
					7672F140194DE3E000BAAE5A = {
						CreatedOnToolsVersion = 6.0;
					};
					7672F156194DE3E000BAAE5A = {
						CreatedOnToolsVersion = 6.0;
						TestTargetID = 7672F140194DE3E000BAAE5A;
					};
					7672F16B194DE3F800BAAE5A = {
						CreatedOnToolsVersion = 6.0;
					};
					7672F175194DE3F800BAAE5A = {
						CreatedOnToolsVersion = 6.0;
						TestTargetID = 7672F16B194DE3F800BAAE5A;
					};
				};
			};
			buildConfigurationList = 7672F13C194DE3E000BAAE5A /* Build configuration list for PBXProject "InstaCubeExample" */;
			compatibilityVersion = "Xcode 3.2";
			developmentRegion = English;
			hasScannedForEncodings = 0;
			knownRegions = (
				en,
				Base,
			);
			mainGroup = 7672F138194DE3E000BAAE5A;
			productRefGroup = 7672F142194DE3E000BAAE5A /* Products */;
			projectDirPath = "";
			projectRoot = "";
			targets = (
				7672F140194DE3E000BAAE5A /* InstaCubeExample */,
				7672F156194DE3E000BAAE5A /* InstaCubeExampleTests */,
				7672F16B194DE3F800BAAE5A /* InstaCube */,
				7672F175194DE3F800BAAE5A /* InstaCubeTests */,
			);
		};
/* End PBXProject section */

/* Begin PBXResourcesBuildPhase section */
		7672F13F194DE3E000BAAE5A /* Resources */ = {
			isa = PBXResourcesBuildPhase;
			buildActionMask = 2147483647;
			files = (
				7672F1D4194DF76C00BAAE5A /* example.png in Resources */,
				7672F1D1194DF63000BAAE5A /* colorCube_threshold.png in Resources */,
				76B54222194FF3A2009495D5 /* colorCube_chrome.png in Resources */,
				7672F1D0194DF63000BAAE5A /* colorCube_vibrance.png in Resources */,
				7672F150194DE3E000BAAE5A /* Main.storyboard in Resources */,
				76B54219194FA0C2009495D5 /* colorCube_green.png in Resources */,
				76B5421B194FA22D009495D5 /* colorCube_moody.png in Resources */,
				7672F152194DE3E000BAAE5A /* Images.xcassets in Resources */,
				76B54224194FF42D009495D5 /* colorCube_posterize.png in Resources */,
				7672F1D2194DF63000BAAE5A /* colorCube_solarize.png in Resources */,
				76B54218194FA0C2009495D5 /* colorCube_warming.png in Resources */,
			);
			runOnlyForDeploymentPostprocessing = 0;
		};
		7672F155194DE3E000BAAE5A /* Resources */ = {
			isa = PBXResourcesBuildPhase;
			buildActionMask = 2147483647;
			files = (
			);
			runOnlyForDeploymentPostprocessing = 0;
		};
		7672F16A194DE3F800BAAE5A /* Resources */ = {
			isa = PBXResourcesBuildPhase;
			buildActionMask = 2147483647;
			files = (
			);
			runOnlyForDeploymentPostprocessing = 0;
		};
		7672F174194DE3F800BAAE5A /* Resources */ = {
			isa = PBXResourcesBuildPhase;
			buildActionMask = 2147483647;
			files = (
				76B54220194FE550009495D5 /* colorCube_moody.png in Resources */,
			);
			runOnlyForDeploymentPostprocessing = 0;
		};
/* End PBXResourcesBuildPhase section */

/* Begin PBXSourcesBuildPhase section */
		7672F13D194DE3E000BAAE5A /* Sources */ = {
			isa = PBXSourcesBuildPhase;
			buildActionMask = 2147483647;
			files = (
				7672F19C194DE83000BAAE5A /* ColorCubeViewController.swift in Sources */,
				7672F14A194DE3E000BAAE5A /* AppDelegate.m in Sources */,
				7672F147194DE3E000BAAE5A /* main.m in Sources */,
			);
			runOnlyForDeploymentPostprocessing = 0;
		};
		7672F153194DE3E000BAAE5A /* Sources */ = {
			isa = PBXSourcesBuildPhase;
			buildActionMask = 2147483647;
			files = (
				7672F15E194DE3E000BAAE5A /* InstaCubeExampleTests.m in Sources */,
			);
			runOnlyForDeploymentPostprocessing = 0;
		};
		7672F167194DE3F800BAAE5A /* Sources */ = {
			isa = PBXSourcesBuildPhase;
			buildActionMask = 2147483647;
			files = (
				7672F1A0194DE9F800BAAE5A /* InstaCubeGenerator.m in Sources */,
			);
			runOnlyForDeploymentPostprocessing = 0;
		};
		7672F172194DE3F800BAAE5A /* Sources */ = {
			isa = PBXSourcesBuildPhase;
			buildActionMask = 2147483647;
			files = (
				7672F17E194DE3F800BAAE5A /* InstaCubeTests.m in Sources */,
			);
			runOnlyForDeploymentPostprocessing = 0;
		};
/* End PBXSourcesBuildPhase section */

/* Begin PBXTargetDependency section */
		7672F159194DE3E000BAAE5A /* PBXTargetDependency */ = {
			isa = PBXTargetDependency;
			target = 7672F140194DE3E000BAAE5A /* InstaCubeExample */;
			targetProxy = 7672F158194DE3E000BAAE5A /* PBXContainerItemProxy */;
		};
		7672F179194DE3F800BAAE5A /* PBXTargetDependency */ = {
			isa = PBXTargetDependency;
			target = 7672F16B194DE3F800BAAE5A /* InstaCube */;
			targetProxy = 7672F178194DE3F800BAAE5A /* PBXContainerItemProxy */;
		};
		7672F180194DE3F800BAAE5A /* PBXTargetDependency */ = {
			isa = PBXTargetDependency;
			target = 7672F16B194DE3F800BAAE5A /* InstaCube */;
			targetProxy = 7672F17F194DE3F800BAAE5A /* PBXContainerItemProxy */;
		};
		7672F184194DE3F800BAAE5A /* PBXTargetDependency */ = {
			isa = PBXTargetDependency;
			target = 7672F16B194DE3F800BAAE5A /* InstaCube */;
			targetProxy = 7672F183194DE3F800BAAE5A /* PBXContainerItemProxy */;
		};
		7672F18D194DE3F900BAAE5A /* PBXTargetDependency */ = {
			isa = PBXTargetDependency;
			target = 7672F16B194DE3F800BAAE5A /* InstaCube */;
			targetProxy = 7672F18C194DE3F900BAAE5A /* PBXContainerItemProxy */;
		};
/* End PBXTargetDependency section */

/* Begin PBXVariantGroup section */
		7672F14E194DE3E000BAAE5A /* Main.storyboard */ = {
			isa = PBXVariantGroup;
			children = (
				7672F14F194DE3E000BAAE5A /* Base */,
			);
			name = Main.storyboard;
			sourceTree = "<group>";
		};
/* End PBXVariantGroup section */

/* Begin XCBuildConfiguration section */
		7672F15F194DE3E000BAAE5A /* Debug */ = {
			isa = XCBuildConfiguration;
			buildSettings = {
				ALWAYS_SEARCH_USER_PATHS = NO;
				CLANG_CXX_LANGUAGE_STANDARD = "gnu++0x";
				CLANG_CXX_LIBRARY = "libc++";
				CLANG_ENABLE_MODULES = YES;
				CLANG_ENABLE_OBJC_ARC = YES;
				CLANG_WARN_BOOL_CONVERSION = YES;
				CLANG_WARN_CONSTANT_CONVERSION = YES;
				CLANG_WARN_DIRECT_OBJC_ISA_USAGE = YES_ERROR;
				CLANG_WARN_EMPTY_BODY = YES;
				CLANG_WARN_ENUM_CONVERSION = YES;
				CLANG_WARN_INT_CONVERSION = YES;
				CLANG_WARN_OBJC_ROOT_CLASS = YES_ERROR;
				CLANG_WARN_UNREACHABLE_CODE = YES;
				CLANG_WARN__DUPLICATE_METHOD_MATCH = YES;
				"CODE_SIGN_IDENTITY[sdk=iphoneos*]" = "iPhone Developer";
				COPY_PHASE_STRIP = NO;
				ENABLE_STRICT_OBJC_MSGSEND = YES;
				GCC_C_LANGUAGE_STANDARD = gnu99;
				GCC_DYNAMIC_NO_PIC = NO;
				GCC_OPTIMIZATION_LEVEL = 0;
				GCC_PREPROCESSOR_DEFINITIONS = (
					"DEBUG=1",
					"$(inherited)",
				);
				GCC_SYMBOLS_PRIVATE_EXTERN = NO;
				GCC_WARN_64_TO_32_BIT_CONVERSION = YES;
				GCC_WARN_ABOUT_RETURN_TYPE = YES_ERROR;
				GCC_WARN_UNDECLARED_SELECTOR = YES;
				GCC_WARN_UNINITIALIZED_AUTOS = YES_AGGRESSIVE;
				GCC_WARN_UNUSED_FUNCTION = YES;
				GCC_WARN_UNUSED_VARIABLE = YES;
				IPHONEOS_DEPLOYMENT_TARGET = 8.0;
				METAL_ENABLE_DEBUG_INFO = YES;
				ONLY_ACTIVE_ARCH = YES;
				SDKROOT = iphoneos;
			};
			name = Debug;
		};
		7672F160194DE3E000BAAE5A /* Release */ = {
			isa = XCBuildConfiguration;
			buildSettings = {
				ALWAYS_SEARCH_USER_PATHS = NO;
				CLANG_CXX_LANGUAGE_STANDARD = "gnu++0x";
				CLANG_CXX_LIBRARY = "libc++";
				CLANG_ENABLE_MODULES = YES;
				CLANG_ENABLE_OBJC_ARC = YES;
				CLANG_WARN_BOOL_CONVERSION = YES;
				CLANG_WARN_CONSTANT_CONVERSION = YES;
				CLANG_WARN_DIRECT_OBJC_ISA_USAGE = YES_ERROR;
				CLANG_WARN_EMPTY_BODY = YES;
				CLANG_WARN_ENUM_CONVERSION = YES;
				CLANG_WARN_INT_CONVERSION = YES;
				CLANG_WARN_OBJC_ROOT_CLASS = YES_ERROR;
				CLANG_WARN_UNREACHABLE_CODE = YES;
				CLANG_WARN__DUPLICATE_METHOD_MATCH = YES;
				"CODE_SIGN_IDENTITY[sdk=iphoneos*]" = "iPhone Developer";
				COPY_PHASE_STRIP = YES;
				ENABLE_NS_ASSERTIONS = NO;
				ENABLE_STRICT_OBJC_MSGSEND = YES;
				GCC_C_LANGUAGE_STANDARD = gnu99;
				GCC_WARN_64_TO_32_BIT_CONVERSION = YES;
				GCC_WARN_ABOUT_RETURN_TYPE = YES_ERROR;
				GCC_WARN_UNDECLARED_SELECTOR = YES;
				GCC_WARN_UNINITIALIZED_AUTOS = YES_AGGRESSIVE;
				GCC_WARN_UNUSED_FUNCTION = YES;
				GCC_WARN_UNUSED_VARIABLE = YES;
				IPHONEOS_DEPLOYMENT_TARGET = 8.0;
				METAL_ENABLE_DEBUG_INFO = NO;
				SDKROOT = iphoneos;
				VALIDATE_PRODUCT = YES;
			};
			name = Release;
		};
		7672F162194DE3E000BAAE5A /* Debug */ = {
			isa = XCBuildConfiguration;
			buildSettings = {
				ASSETCATALOG_COMPILER_APPICON_NAME = AppIcon;
				ASSETCATALOG_COMPILER_LAUNCHIMAGE_NAME = LaunchImage;
				CLANG_ENABLE_MODULES = YES;
				INFOPLIST_FILE = InstaCubeExample/Info.plist;
				IPHONEOS_DEPLOYMENT_TARGET = 8.0;
				LD_RUNPATH_SEARCH_PATHS = "$(inherited) @executable_path/Frameworks";
				PRODUCT_NAME = "$(TARGET_NAME)";
				SWIFT_OBJC_BRIDGING_HEADER = "InstaCubeExample/InstaCubeExample-Bridging-Header.h";
				SWIFT_OPTIMIZATION_LEVEL = "-Onone";
				TARGETED_DEVICE_FAMILY = 1;
			};
			name = Debug;
		};
		7672F163194DE3E000BAAE5A /* Release */ = {
			isa = XCBuildConfiguration;
			buildSettings = {
				ASSETCATALOG_COMPILER_APPICON_NAME = AppIcon;
				ASSETCATALOG_COMPILER_LAUNCHIMAGE_NAME = LaunchImage;
				CLANG_ENABLE_MODULES = YES;
				INFOPLIST_FILE = InstaCubeExample/Info.plist;
				IPHONEOS_DEPLOYMENT_TARGET = 8.0;
				LD_RUNPATH_SEARCH_PATHS = "$(inherited) @executable_path/Frameworks";
				PRODUCT_NAME = "$(TARGET_NAME)";
				SWIFT_OBJC_BRIDGING_HEADER = "InstaCubeExample/InstaCubeExample-Bridging-Header.h";
				TARGETED_DEVICE_FAMILY = 1;
			};
			name = Release;
		};
		7672F165194DE3E000BAAE5A /* Debug */ = {
			isa = XCBuildConfiguration;
			buildSettings = {
				BUNDLE_LOADER = "$(BUILT_PRODUCTS_DIR)/InstaCubeExample.app/InstaCubeExample";
				FRAMEWORK_SEARCH_PATHS = (
					"$(SDKROOT)/Developer/Library/Frameworks",
					"$(inherited)",
				);
				GCC_PREPROCESSOR_DEFINITIONS = (
					"DEBUG=1",
					"$(inherited)",
				);
				INFOPLIST_FILE = InstaCubeExampleTests/Info.plist;
				LD_RUNPATH_SEARCH_PATHS = "$(inherited) @executable_path/Frameworks @loader_path/Frameworks";
				METAL_ENABLE_DEBUG_INFO = YES;
				PRODUCT_NAME = "$(TARGET_NAME)";
				TEST_HOST = "$(BUNDLE_LOADER)";
			};
			name = Debug;
		};
		7672F166194DE3E000BAAE5A /* Release */ = {
			isa = XCBuildConfiguration;
			buildSettings = {
				BUNDLE_LOADER = "$(BUILT_PRODUCTS_DIR)/InstaCubeExample.app/InstaCubeExample";
				FRAMEWORK_SEARCH_PATHS = (
					"$(SDKROOT)/Developer/Library/Frameworks",
					"$(inherited)",
				);
				INFOPLIST_FILE = InstaCubeExampleTests/Info.plist;
				LD_RUNPATH_SEARCH_PATHS = "$(inherited) @executable_path/Frameworks @loader_path/Frameworks";
				METAL_ENABLE_DEBUG_INFO = NO;
				PRODUCT_NAME = "$(TARGET_NAME)";
				TEST_HOST = "$(BUNDLE_LOADER)";
			};
			name = Release;
		};
		7672F186194DE3F800BAAE5A /* Debug */ = {
			isa = XCBuildConfiguration;
			buildSettings = {
				CURRENT_PROJECT_VERSION = 1;
				DEFINES_MODULE = YES;
				DYLIB_COMPATIBILITY_VERSION = 1;
				DYLIB_CURRENT_VERSION = 1;
				DYLIB_INSTALL_NAME_BASE = "@rpath";
				GCC_PREPROCESSOR_DEFINITIONS = (
					"DEBUG=1",
					"$(inherited)",
				);
				INFOPLIST_FILE = InstaCube/Info.plist;
				INSTALL_PATH = "$(LOCAL_LIBRARY_DIR)/Frameworks";
				LD_RUNPATH_SEARCH_PATHS = "$(inherited) @executable_path/Frameworks @loader_path/Frameworks";
				METAL_ENABLE_DEBUG_INFO = YES;
				PRODUCT_NAME = "$(TARGET_NAME)";
				SKIP_INSTALL = YES;
				TARGETED_DEVICE_FAMILY = "1,2";
				VERSIONING_SYSTEM = "apple-generic";
				VERSION_INFO_PREFIX = "";
			};
			name = Debug;
		};
		7672F187194DE3F800BAAE5A /* Release */ = {
			isa = XCBuildConfiguration;
			buildSettings = {
				CURRENT_PROJECT_VERSION = 1;
				DEFINES_MODULE = YES;
				DYLIB_COMPATIBILITY_VERSION = 1;
				DYLIB_CURRENT_VERSION = 1;
				DYLIB_INSTALL_NAME_BASE = "@rpath";
				INFOPLIST_FILE = InstaCube/Info.plist;
				INSTALL_PATH = "$(LOCAL_LIBRARY_DIR)/Frameworks";
				LD_RUNPATH_SEARCH_PATHS = "$(inherited) @executable_path/Frameworks @loader_path/Frameworks";
				METAL_ENABLE_DEBUG_INFO = NO;
				PRODUCT_NAME = "$(TARGET_NAME)";
				SKIP_INSTALL = YES;
				TARGETED_DEVICE_FAMILY = "1,2";
				VERSIONING_SYSTEM = "apple-generic";
				VERSION_INFO_PREFIX = "";
			};
			name = Release;
		};
		7672F18A194DE3F800BAAE5A /* Debug */ = {
			isa = XCBuildConfiguration;
			buildSettings = {
				FRAMEWORK_SEARCH_PATHS = (
					"$(SDKROOT)/Developer/Library/Frameworks",
					"$(inherited)",
				);
				GCC_PREPROCESSOR_DEFINITIONS = (
					"DEBUG=1",
					"$(inherited)",
				);
				INFOPLIST_FILE = InstaCubeTests/Info.plist;
				LD_RUNPATH_SEARCH_PATHS = "$(inherited) @executable_path/Frameworks @loader_path/Frameworks";
				METAL_ENABLE_DEBUG_INFO = YES;
				PRODUCT_NAME = "$(TARGET_NAME)";
			};
			name = Debug;
		};
		7672F18B194DE3F800BAAE5A /* Release */ = {
			isa = XCBuildConfiguration;
			buildSettings = {
				FRAMEWORK_SEARCH_PATHS = (
					"$(SDKROOT)/Developer/Library/Frameworks",
					"$(inherited)",
				);
				INFOPLIST_FILE = InstaCubeTests/Info.plist;
				LD_RUNPATH_SEARCH_PATHS = "$(inherited) @executable_path/Frameworks @loader_path/Frameworks";
				METAL_ENABLE_DEBUG_INFO = NO;
				PRODUCT_NAME = "$(TARGET_NAME)";
			};
			name = Release;
		};
/* End XCBuildConfiguration section */

/* Begin XCConfigurationList section */
		7672F13C194DE3E000BAAE5A /* Build configuration list for PBXProject "InstaCubeExample" */ = {
			isa = XCConfigurationList;
			buildConfigurations = (
				7672F15F194DE3E000BAAE5A /* Debug */,
				7672F160194DE3E000BAAE5A /* Release */,
			);
			defaultConfigurationIsVisible = 0;
			defaultConfigurationName = Release;
		};
		7672F161194DE3E000BAAE5A /* Build configuration list for PBXNativeTarget "InstaCubeExample" */ = {
			isa = XCConfigurationList;
			buildConfigurations = (
				7672F162194DE3E000BAAE5A /* Debug */,
				7672F163194DE3E000BAAE5A /* Release */,
			);
			defaultConfigurationIsVisible = 0;
			defaultConfigurationName = Release;
		};
		7672F164194DE3E000BAAE5A /* Build configuration list for PBXNativeTarget "InstaCubeExampleTests" */ = {
			isa = XCConfigurationList;
			buildConfigurations = (
				7672F165194DE3E000BAAE5A /* Debug */,
				7672F166194DE3E000BAAE5A /* Release */,
			);
			defaultConfigurationIsVisible = 0;
			defaultConfigurationName = Release;
		};
		7672F185194DE3F800BAAE5A /* Build configuration list for PBXNativeTarget "InstaCube" */ = {
			isa = XCConfigurationList;
			buildConfigurations = (
				7672F186194DE3F800BAAE5A /* Debug */,
				7672F187194DE3F800BAAE5A /* Release */,
			);
			defaultConfigurationIsVisible = 0;
			defaultConfigurationName = Release;
		};
		7672F189194DE3F800BAAE5A /* Build configuration list for PBXNativeTarget "InstaCubeTests" */ = {
			isa = XCConfigurationList;
			buildConfigurations = (
				7672F18A194DE3F800BAAE5A /* Debug */,
				7672F18B194DE3F800BAAE5A /* Release */,
			);
			defaultConfigurationIsVisible = 0;
			defaultConfigurationName = Release;
		};
/* End XCConfigurationList section */
	};
	rootObject = 7672F139194DE3E000BAAE5A /* Project object */;
}
